
Microsoft Visual Studio Solution File, Format Version 12.00
# Visual Studio Version 17
VisualStudioVersion = 17.1.32228.430
MinimumVisualStudioVersion = 10.0.40219.1
Project("{FAE04EC0-301F-11D3-BF4B-00C04F79EFBC}") = "AppTest", "AppTest\AppTest.csproj", "{46C910C5-E482-4E49-8A06-D4F169E284C7}"
EndProject
Global
	GlobalSection(SolutionConfigurationPlatforms) = preSolution
		Debug|Any CPU = Debug|Any CPU
		Release|Any CPU = Release|Any CPU
	EndGlobalSection
	GlobalSection(ProjectConfigurationPlatforms) = postSolution
		{46C910C5-E482-4E49-8A06-D4F169E284C7}.Debug|Any CPU.ActiveCfg = Debug|Any CPU
		{46C910C5-E482-4E49-8A06-D4F169E284C7}.Debug|Any CPU.Build.0 = Debug|Any CPU
		{46C910C5-E482-4E49-8A06-D4F169E284C7}.Release|Any CPU.ActiveCfg = Release|Any CPU
		{46C910C5-E482-4E49-8A06-D4F169E284C7}.Release|Any CPU.Build.0 = Release|Any CPU
	EndGlobalSection
	GlobalSection(SolutionProperties) = preSolution
		HideSolutionNode = FALSE
	EndGlobalSection
	GlobalSection(ExtensibilityGlobals) = postSolution
		SolutionGuid = {5C50094B-4222-47DF-AE4F-11761F26D741}
	EndGlobalSection
EndGlobal
